
Microsoft Visual Studio Solution File, Format Version 12.00
# Visual Studio Version 17
VisualStudioVersion = 17.1.32328.378
MinimumVisualStudioVersion = 10.0.40219.1
Project("{930C7802-8A8C-48F9-8165-68863BCCD9DD}") = "SpHelptextHelperExtension.Setup", "SpHelptextHelperExtension.Installer\SpHelptextHelperExtension.Setup.wixproj", "{6DDA3F7A-611A-449F-AC4F-A0A195480E5E}"
EndProject
Project("{FAE04EC0-301F-11D3-BF4B-00C04F79EFBC}") = "SpHelptextHelperExtension", "SpHelptextHelperExtension\SpHelptextHelperExtension.csproj", "{074456C4-3BA2-4913-90FC-64BB52B2819A}"
EndProject
Global
	GlobalSection(SolutionConfigurationPlatforms) = preSolution
		Debug|Any CPU = Debug|Any CPU
		Debug|x86 = Debug|x86
		Release|Any CPU = Release|Any CPU
		Release|x86 = Release|x86
	EndGlobalSection
	GlobalSection(ProjectConfigurationPlatforms) = postSolution
		{6DDA3F7A-611A-449F-AC4F-A0A195480E5E}.Debug|Any CPU.ActiveCfg = Debug|x86
		{6DDA3F7A-611A-449F-AC4F-A0A195480E5E}.Debug|Any CPU.Build.0 = Debug|x86
		{6DDA3F7A-611A-449F-AC4F-A0A195480E5E}.Debug|x86.ActiveCfg = Debug|x86
		{6DDA3F7A-611A-449F-AC4F-A0A195480E5E}.Debug|x86.Build.0 = Debug|x86
		{6DDA3F7A-611A-449F-AC4F-A0A195480E5E}.Release|Any CPU.ActiveCfg = Release|x86
		{6DDA3F7A-611A-449F-AC4F-A0A195480E5E}.Release|Any CPU.Build.0 = Release|x86
		{6DDA3F7A-611A-449F-AC4F-A0A195480E5E}.Release|x86.ActiveCfg = Release|x86
		{6DDA3F7A-611A-449F-AC4F-A0A195480E5E}.Release|x86.Build.0 = Release|x86
		{074456C4-3BA2-4913-90FC-64BB52B2819A}.Debug|Any CPU.ActiveCfg = Debug|Any CPU
		{074456C4-3BA2-4913-90FC-64BB52B2819A}.Debug|Any CPU.Build.0 = Debug|Any CPU
		{074456C4-3BA2-4913-90FC-64BB52B2819A}.Debug|x86.ActiveCfg = Debug|x86
		{074456C4-3BA2-4913-90FC-64BB52B2819A}.Debug|x86.Build.0 = Debug|x86
		{074456C4-3BA2-4913-90FC-64BB52B2819A}.Release|Any CPU.ActiveCfg = Release|Any CPU
		{074456C4-3BA2-4913-90FC-64BB52B2819A}.Release|Any CPU.Build.0 = Release|Any CPU
		{074456C4-3BA2-4913-90FC-64BB52B2819A}.Release|x86.ActiveCfg = Release|x86
		{074456C4-3BA2-4913-90FC-64BB52B2819A}.Release|x86.Build.0 = Release|x86
	EndGlobalSection
	GlobalSection(SolutionProperties) = preSolution
		HideSolutionNode = FALSE
	EndGlobalSection
	GlobalSection(ExtensibilityGlobals) = postSolution
		SolutionGuid = {9C3D5388-D8CF-4E19-A700-54A096B4DDDE}
	EndGlobalSection
EndGlobal
